
Microsoft Visual Studio Solution File, Format Version 12.00
# Visual Studio Version 17
VisualStudioVersion = 17.14.36401.2
MinimumVisualStudioVersion = 10.0.40219.1
Project("{FAE04EC0-301F-11D3-BF4B-00C04F79EFBC}") = "McWuT.Web", "McWuT\McWuT.Web.csproj", "{4955FA1D-52D2-4038-82DF-2F187D6A428F}"
	ProjectSection(ProjectDependencies) = postProject
		{41DF4AB4-8581-4A8E-9C73-7F3DDB1C042C} = {41DF4AB4-8581-4A8E-9C73-7F3DDB1C042C}
		{5DBDD6A3-FD26-4A7F-BED0-6E38DA21FD29} = {5DBDD6A3-FD26-4A7F-BED0-6E38DA21FD29}
		{89F1DCC2-C1AE-40C0-BEC6-B1E007F3E3CE} = {89F1DCC2-C1AE-40C0-BEC6-B1E007F3E3CE}
	EndProjectSection
EndProject
Project("{FAE04EC0-301F-11D3-BF4B-00C04F79EFBC}") = "McWuT.Data", "McWuT.Data\McWuT.Data.csproj", "{89F1DCC2-C1AE-40C0-BEC6-B1E007F3E3CE}"
EndProject
Project("{FAE04EC0-301F-11D3-BF4B-00C04F79EFBC}") = "McWuT.Core", "McWuT.Core\McWuT.Core.csproj", "{41DF4AB4-8581-4A8E-9C73-7F3DDB1C042C}"
EndProject
Project("{FAE04EC0-301F-11D3-BF4B-00C04F79EFBC}") = "McWuT.Common", "McWuT.Common\McWuT.Common.csproj", "{5DBDD6A3-FD26-4A7F-BED0-6E38DA21FD29}"
EndProject
Project("{FAE04EC0-301F-11D3-BF4B-00C04F79EFBC}") = "McWuT.Services", "McWuT.Services\McWuT.Services.csproj", "{736BDF17-D8C0-4BD7-B2A9-0ACD57B9AEAB}"
EndProject
Global
	GlobalSection(SolutionConfigurationPlatforms) = preSolution
		Debug|Any CPU = Debug|Any CPU
		Release|Any CPU = Release|Any CPU
	EndGlobalSection
	GlobalSection(ProjectConfigurationPlatforms) = postSolution
		{4955FA1D-52D2-4038-82DF-2F187D6A428F}.Debug|Any CPU.ActiveCfg = Debug|Any CPU
		{4955FA1D-52D2-4038-82DF-2F187D6A428F}.Debug|Any CPU.Build.0 = Debug|Any CPU
		{4955FA1D-52D2-4038-82DF-2F187D6A428F}.Release|Any CPU.ActiveCfg = Release|Any CPU
		{4955FA1D-52D2-4038-82DF-2F187D6A428F}.Release|Any CPU.Build.0 = Release|Any CPU
		{89F1DCC2-C1AE-40C0-BEC6-B1E007F3E3CE}.Debug|Any CPU.ActiveCfg = Debug|Any CPU
		{89F1DCC2-C1AE-40C0-BEC6-B1E007F3E3CE}.Debug|Any CPU.Build.0 = Debug|Any CPU
		{89F1DCC2-C1AE-40C0-BEC6-B1E007F3E3CE}.Release|Any CPU.ActiveCfg = Release|Any CPU
		{89F1DCC2-C1AE-40C0-BEC6-B1E007F3E3CE}.Release|Any CPU.Build.0 = Release|Any CPU
		{41DF4AB4-8581-4A8E-9C73-7F3DDB1C042C}.Debug|Any CPU.ActiveCfg = Debug|Any CPU
		{41DF4AB4-8581-4A8E-9C73-7F3DDB1C042C}.Debug|Any CPU.Build.0 = Debug|Any CPU
		{41DF4AB4-8581-4A8E-9C73-7F3DDB1C042C}.Release|Any CPU.ActiveCfg = Release|Any CPU
		{41DF4AB4-8581-4A8E-9C73-7F3DDB1C042C}.Release|Any CPU.Build.0 = Release|Any CPU
		{5DBDD6A3-FD26-4A7F-BED0-6E38DA21FD29}.Debug|Any CPU.ActiveCfg = Debug|Any CPU
		{5DBDD6A3-FD26-4A7F-BED0-6E38DA21FD29}.Debug|Any CPU.Build.0 = Debug|Any CPU
		{5DBDD6A3-FD26-4A7F-BED0-6E38DA21FD29}.Release|Any CPU.ActiveCfg = Release|Any CPU
		{5DBDD6A3-FD26-4A7F-BED0-6E38DA21FD29}.Release|Any CPU.Build.0 = Release|Any CPU
		{736BDF17-D8C0-4BD7-B2A9-0ACD57B9AEAB}.Debug|Any CPU.ActiveCfg = Debug|Any CPU
		{736BDF17-D8C0-4BD7-B2A9-0ACD57B9AEAB}.Debug|Any CPU.Build.0 = Debug|Any CPU
		{736BDF17-D8C0-4BD7-B2A9-0ACD57B9AEAB}.Release|Any CPU.ActiveCfg = Release|Any CPU
		{736BDF17-D8C0-4BD7-B2A9-0ACD57B9AEAB}.Release|Any CPU.Build.0 = Release|Any CPU
	EndGlobalSection
	GlobalSection(SolutionProperties) = preSolution
		HideSolutionNode = FALSE
	EndGlobalSection
	GlobalSection(ExtensibilityGlobals) = postSolution
		SolutionGuid = {9B6E63F9-081C-45C4-B69C-40513DCEA8E3}
	EndGlobalSection
EndGlobal
